
Microsoft Visual Studio Solution File, Format Version 12.00
# Visual Studio 14
VisualStudioVersion = 14.0.25420.1
MinimumVisualStudioVersion = 10.0.40219.1
Project("{2150E333-8FDC-42A3-9474-1A3956D46DE8}") = "src", "src", "{CC85D868-7D04-4A46-B3A6-F721BE85F873}"
EndProject
Project("{2150E333-8FDC-42A3-9474-1A3956D46DE8}") = "Solution Items", "Solution Items", "{19E41DAF-2722-4354-B041-E04F3FB89BDB}"
	ProjectSection(SolutionItems) = preProject
		global.json = global.json
	EndProjectSection
EndProject
Project("{8BB2217D-0F2D-49D1-97BC-3654ED321F3B}") = "CqrsCore", "src\CqrsCore\CqrsCore.xproj", "{16BBCC22-CBC7-4C60-81F6-CF01A68A9C8A}"
EndProject
Global
	GlobalSection(SolutionConfigurationPlatforms) = preSolution
		Debug|Any CPU = Debug|Any CPU
		Release|Any CPU = Release|Any CPU
	EndGlobalSection
	GlobalSection(ProjectConfigurationPlatforms) = postSolution
		{16BBCC22-CBC7-4C60-81F6-CF01A68A9C8A}.Debug|Any CPU.ActiveCfg = Debug|Any CPU
		{16BBCC22-CBC7-4C60-81F6-CF01A68A9C8A}.Debug|Any CPU.Build.0 = Debug|Any CPU
		{16BBCC22-CBC7-4C60-81F6-CF01A68A9C8A}.Release|Any CPU.ActiveCfg = Release|Any CPU
		{16BBCC22-CBC7-4C60-81F6-CF01A68A9C8A}.Release|Any CPU.Build.0 = Release|Any CPU
	EndGlobalSection
	GlobalSection(SolutionProperties) = preSolution
		HideSolutionNode = FALSE
	EndGlobalSection
	GlobalSection(NestedProjects) = preSolution
		{16BBCC22-CBC7-4C60-81F6-CF01A68A9C8A} = {CC85D868-7D04-4A46-B3A6-F721BE85F873}
	EndGlobalSection
EndGlobal
